# @generated - this file is auto-generated by `mise lock` https://mise.jdx.dev/dev-tools/mise-lock.html

[[tools."aqua:EmbarkStudios/cargo-deny"]]
version = "0.20.2"
backend = "aqua:EmbarkStudios/cargo-deny"

[tools."aqua:EmbarkStudios/cargo-deny"."platforms.linux-arm64"]
checksum = "sha256:995c82be0defc7a025cae49a2aa2644ce8245c9a3318fc4103907c6a285e8c7d"
url = "https://github.com/EmbarkStudios/cargo-deny/releases/download/0.20.2/cargo-deny-0.20.2-aarch64-unknown-linux-musl.tar.gz"
url_api = "https://api.github.com/repos/EmbarkStudios/cargo-deny/releases/assets/471598345"

[tools."aqua:EmbarkStudios/cargo-deny"."platforms.linux-x64"]
checksum = "sha256:9f12ed4c49936e09b48bf862b595cde2fe64fcbd9d74dfacac6131ca824c8d5f"
url = "https://github.com/EmbarkStudios/cargo-deny/releases/download/0.20.2/cargo-deny-0.20.2-x86_64-unknown-linux-musl.tar.gz"
url_api = "https://api.github.com/repos/EmbarkStudios/cargo-deny/releases/assets/471598214"

[tools."aqua:EmbarkStudios/cargo-deny"."platforms.macos-arm64"]
checksum = "sha256:fe67d82a10d8597a3549364cb733a3f9cc1bfff9031b7ae46384a9f2a72090c3"
url = "https://github.com/EmbarkStudios/cargo-deny/releases/download/0.20.2/cargo-deny-0.20.2-aarch64-apple-darwin.tar.gz"
url_api = "https://api.github.com/repos/EmbarkStudios/cargo-deny/releases/assets/471597689"

[tools."aqua:EmbarkStudios/cargo-deny"."platforms.macos-x64"]
checksum = "sha256:248da7f581724e470071990c088ffc55c811981715f4cbdb258621fb79f8b7a6"
url = "https://github.com/EmbarkStudios/cargo-deny/releases/download/0.20.2/cargo-deny-0.20.2-x86_64-apple-darwin.tar.gz"
url_api = "https://api.github.com/repos/EmbarkStudios/cargo-deny/releases/assets/471598357"

[tools."aqua:EmbarkStudios/cargo-deny"."platforms.windows-x64"]
checksum = "sha256:975a22143262fd27476d19ee00c7af67978426e40e1dee94eed6bbade1cf87dc"
url = "https://github.com/EmbarkStudios/cargo-deny/releases/download/0.20.2/cargo-deny-0.20.2-x86_64-pc-windows-msvc.tar.gz"
url_api = "https://api.github.com/repos/EmbarkStudios/cargo-deny/releases/assets/471599057"

[[tools."aqua:rust-lang/mdBook"]]
version = "0.5.4"
backend = "aqua:rust-lang/mdBook"

[tools."aqua:rust-lang/mdBook"."platforms.linux-x64"]
checksum = "sha256:3f28de05dafca9d0f2eab99c662116b0e37b89b1d96a08f8f430b9eeae958cd7"
url = "https://github.com/rust-lang/mdBook/releases/download/v0.5.4/mdbook-v0.5.4-x86_64-unknown-linux-gnu.tar.gz"
url_api = "https://api.github.com/repos/rust-lang/mdBook/releases/assets/468209394"

[tools."aqua:rust-lang/mdBook"."platforms.macos-arm64"]
checksum = "sha256:a47d7bf0d5d670cff9ee6cce95537cbeb62dc10704d9e7131ffbd13e2b59a5de"
url = "https://github.com/rust-lang/mdBook/releases/download/v0.5.4/mdbook-v0.5.4-x86_64-apple-darwin.tar.gz"
url_api = "https://api.github.com/repos/rust-lang/mdBook/releases/assets/468210169"

[tools."aqua:rust-lang/mdBook"."platforms.macos-x64"]
checksum = "sha256:a47d7bf0d5d670cff9ee6cce95537cbeb62dc10704d9e7131ffbd13e2b59a5de"
url = "https://github.com/rust-lang/mdBook/releases/download/v0.5.4/mdbook-v0.5.4-x86_64-apple-darwin.tar.gz"
url_api = "https://api.github.com/repos/rust-lang/mdBook/releases/assets/468210169"

[tools."aqua:rust-lang/mdBook"."platforms.windows-x64"]
checksum = "sha256:8a6b2421aa522de06d746871d2b8fff9c8d71773467e310a4516d2566e7f2de4"
url = "https://github.com/rust-lang/mdBook/releases/download/v0.5.4/mdbook-v0.5.4-x86_64-pc-windows-msvc.zip"
url_api = "https://api.github.com/repos/rust-lang/mdBook/releases/assets/468210971"

[[tools."aqua:rustwasm/wasm-pack"]]
version = "0.15.0"
backend = "aqua:rustwasm/wasm-pack"

[tools."aqua:rustwasm/wasm-pack"."platforms.linux-arm64"]
checksum = "sha256:e17ef0806381c3a0acb9c9ddad643a49facaa5a2ecf657a421d4d8f3357a24b7"
url = "https://github.com/wasm-bindgen/wasm-pack/releases/download/v0.15.0/wasm-pack-v0.15.0-aarch64-unknown-linux-musl.tar.gz"
url_api = "https://api.github.com/repos/wasm-bindgen/wasm-pack/releases/assets/420850444"

[tools."aqua:rustwasm/wasm-pack"."platforms.linux-x64"]
checksum = "sha256:c09f971ecaed9a2efc80fdcea7a00ef6b53c7fadc8c57d1f61b53a6aa66b668a"
url = "https://github.com/wasm-bindgen/wasm-pack/releases/download/v0.15.0/wasm-pack-v0.15.0-x86_64-unknown-linux-musl.tar.gz"
url_api = "https://api.github.com/repos/wasm-bindgen/wasm-pack/releases/assets/420850440"

[tools."aqua:rustwasm/wasm-pack"."platforms.macos-arm64"]
checksum = "sha256:0abff4a03d670b6c00ea31d0e1608a72407e355f3d3765e9c30eb45cd5b7e318"
url = "https://github.com/wasm-bindgen/wasm-pack/releases/download/v0.15.0/wasm-pack-v0.15.0-aarch64-apple-darwin.tar.gz"
url_api = "https://api.github.com/repos/wasm-bindgen/wasm-pack/releases/assets/420850469"

[tools."aqua:rustwasm/wasm-pack"."platforms.macos-x64"]
checksum = "sha256:d3f1a4a33e95f8f0d7801b024e08624c479999ac96aa150908b2394015cd0363"
url = "https://github.com/wasm-bindgen/wasm-pack/releases/download/v0.15.0/wasm-pack-v0.15.0-x86_64-apple-darwin.tar.gz"
url_api = "https://api.github.com/repos/wasm-bindgen/wasm-pack/releases/assets/420850460"

[tools."aqua:rustwasm/wasm-pack"."platforms.windows-x64"]
checksum = "sha256:518dc51180c7bc864699c9279b3bc99025bc109123e0249a34ba34d130a509bf"
url = "https://github.com/wasm-bindgen/wasm-pack/releases/download/v0.15.0/wasm-pack-v0.15.0-x86_64-pc-windows-msvc.tar.gz"
url_api = "https://api.github.com/repos/wasm-bindgen/wasm-pack/releases/assets/420850448"

[[tools."aqua:taiki-e/cargo-llvm-cov"]]
version = "0.9.1"
backend = "aqua:taiki-e/cargo-llvm-cov"

[tools."aqua:taiki-e/cargo-llvm-cov"."platforms.linux-arm64"]
checksum = "sha256:abf5f13c1520f8756d2192bfaaeadb0208f5b7eaa8cadc15bf847befa42b7360"
url = "https://github.com/taiki-e/cargo-llvm-cov/releases/download/v0.9.1/cargo-llvm-cov-aarch64-unknown-linux-gnu.tar.gz"
url_api = "https://api.github.com/repos/taiki-e/cargo-llvm-cov/releases/assets/547403281"
provenance = "github-attestations"

[tools."aqua:taiki-e/cargo-llvm-cov"."platforms.linux-x64"]
checksum = "sha256:b3f68e625481fed9b16444174f3fa5ebcdbde4a1878803a35eabe2dcefcdc41a"
url = "https://github.com/taiki-e/cargo-llvm-cov/releases/download/v0.9.1/cargo-llvm-cov-x86_64-unknown-linux-gnu.tar.gz"
url_api = "https://api.github.com/repos/taiki-e/cargo-llvm-cov/releases/assets/547403171"
provenance = "github-attestations"

[tools."aqua:taiki-e/cargo-llvm-cov"."platforms.macos-arm64"]
checksum = "sha256:7e821a6c90c0884f79f759f5d9be50799ade67bb82515186d922f26032ef43b8"
url = "https://github.com/taiki-e/cargo-llvm-cov/releases/download/v0.9.1/cargo-llvm-cov-aarch64-apple-darwin.tar.gz"
url_api = "https://api.github.com/repos/taiki-e/cargo-llvm-cov/releases/assets/547403359"
provenance = "github-attestations"

[tools."aqua:taiki-e/cargo-llvm-cov"."platforms.macos-x64"]
checksum = "sha256:ddf949b82a63017441ea76aa068bdd7e2dde8055f47cd3ef736fdbbd633bc33e"
url = "https://github.com/taiki-e/cargo-llvm-cov/releases/download/v0.9.1/cargo-llvm-cov-x86_64-apple-darwin.tar.gz"
url_api = "https://api.github.com/repos/taiki-e/cargo-llvm-cov/releases/assets/547403156"
provenance = "github-attestations"

[tools."aqua:taiki-e/cargo-llvm-cov"."platforms.windows-x64"]
checksum = "sha256:15eefd5b90fcdd4006b727c6e710d70a61aff509fcd7bb37f9c2a35c4f024948"
url = "https://github.com/taiki-e/cargo-llvm-cov/releases/download/v0.9.1/cargo-llvm-cov-x86_64-pc-windows-msvc.tar.gz"
url_api = "https://api.github.com/repos/taiki-e/cargo-llvm-cov/releases/assets/547404213"
provenance = "github-attestations"

[[tools."github:DioxusLabs/dioxus"]]
version = "0.7.10"
backend = "github:DioxusLabs/dioxus"

[tools."github:DioxusLabs/dioxus"."platforms.linux-arm64"]
checksum = "sha256:8f1a17d3218700ffbe15e6540d936a178b2556fc801121a31082e3ba4ab9ef55"
url = "https://github.com/DioxusLabs/dioxus/releases/download/v0.7.10/dx-aarch64-unknown-linux-gnu.tar.gz"
url_api = "https://api.github.com/repos/DioxusLabs/dioxus/releases/assets/496013265"

[tools."github:DioxusLabs/dioxus"."platforms.linux-x64"]
checksum = "sha256:4363e4ed2a3f1eb7f4d38d2d59aed59ce43271c44c16b425e92c89a64761fbe7"
url = "https://github.com/DioxusLabs/dioxus/releases/download/v0.7.10/dx-x86_64-unknown-linux-gnu.tar.gz"
url_api = "https://api.github.com/repos/DioxusLabs/dioxus/releases/assets/496016087"

[tools."github:DioxusLabs/dioxus"."platforms.macos-arm64"]
checksum = "sha256:342c92bc33dca60dadd725ed5e249923f049ae2e1e50b7477f4968d56695b425"
url = "https://github.com/DioxusLabs/dioxus/releases/download/v0.7.10/dx-aarch64-apple-darwin.tar.gz"
url_api = "https://api.github.com/repos/DioxusLabs/dioxus/releases/assets/496015761"

[tools."github:DioxusLabs/dioxus"."platforms.macos-x64"]
checksum = "sha256:e3edbba285fa23a834aa7ceb558c9d8088cb3fbdcb48fb8c619532ed4d91cab7"
url = "https://github.com/DioxusLabs/dioxus/releases/download/v0.7.10/dx-x86_64-apple-darwin.tar.gz"
url_api = "https://api.github.com/repos/DioxusLabs/dioxus/releases/assets/496027220"

[tools."github:DioxusLabs/dioxus"."platforms.windows-x64"]
checksum = "sha256:45eb4f87b7f86fdba8508ee7e0ef1f9e13cf8f2ffcc6a2d5858d0e8ea7dd1531"
url = "https://github.com/DioxusLabs/dioxus/releases/download/v0.7.10/dx-x86_64-pc-windows-msvc.zip"
url_api = "https://api.github.com/repos/DioxusLabs/dioxus/releases/assets/496021123"

[[tools."github:nextest-rs/nextest"]]
version = "0.9.145"
backend = "github:nextest-rs/nextest"

[tools."github:nextest-rs/nextest".options]
version_prefix = "cargo-nextest-"

[tools."github:nextest-rs/nextest"."platforms.linux-arm64"]
checksum = "sha256:0ad2815fd91a7ecec3a7e25c749b584f66729ac688fd26b2fd494f7ff94b7fd0"
url = "https://github.com/nextest-rs/nextest/releases/download/cargo-nextest-0.9.145/cargo-nextest-0.9.145-aarch64-unknown-linux-gnu.tar.gz"
url_api = "https://api.github.com/repos/nextest-rs/nextest/releases/assets/568837128"
provenance = "github-attestations"

[tools."github:nextest-rs/nextest"."platforms.linux-x64"]
checksum = "sha256:32aa82416099eb12fffae9cf1a279ad201fecbd3f74826c613e32e9006b29867"
url = "https://github.com/nextest-rs/nextest/releases/download/cargo-nextest-0.9.145/cargo-nextest-0.9.145-x86_64-unknown-linux-gnu.tar.gz"
url_api = "https://api.github.com/repos/nextest-rs/nextest/releases/assets/568838794"
provenance = "github-attestations"

[tools."github:nextest-rs/nextest"."platforms.macos-arm64"]
checksum = "sha256:52ecaedb4f5af9267ef7ed02bc937d2a15a94ff96cb663080e81311f798c9905"
url = "https://github.com/nextest-rs/nextest/releases/download/cargo-nextest-0.9.145/cargo-nextest-0.9.145-universal-apple-darwin.tar.gz"
url_api = "https://api.github.com/repos/nextest-rs/nextest/releases/assets/568848732"
provenance = "github-attestations"

[tools."github:nextest-rs/nextest"."platforms.macos-x64"]
checksum = "sha256:52ecaedb4f5af9267ef7ed02bc937d2a15a94ff96cb663080e81311f798c9905"
url = "https://github.com/nextest-rs/nextest/releases/download/cargo-nextest-0.9.145/cargo-nextest-0.9.145-universal-apple-darwin.tar.gz"
url_api = "https://api.github.com/repos/nextest-rs/nextest/releases/assets/568848732"
provenance = "github-attestations"

[tools."github:nextest-rs/nextest"."platforms.windows-x64"]
checksum = "sha256:5bc4b6789103e9834f596eff2b290cfb5b2b69e5413c78bbaa5acc835ac5baa0"
url = "https://github.com/nextest-rs/nextest/releases/download/cargo-nextest-0.9.145/cargo-nextest-0.9.145-x86_64-pc-windows-msvc.zip"
url_api = "https://api.github.com/repos/nextest-rs/nextest/releases/assets/568848390"
provenance = "github-attestations"

[[tools.node]]
version = "22.23.2"
backend = "core:node"

[tools.node."platforms.linux-arm64"]
checksum = "sha256:013b59cfd2819703a6f4a14ab891fc46fc2a4e3f5bcd92de3fb4929b43e35b30"
url = "https://nodejs.org/dist/v22.23.2/node-v22.23.2-linux-arm64.tar.gz"

[tools.node."platforms.linux-x64"]
checksum = "sha256:b294a556e639d64338823920e5866c21c02741742d2e1529ee1a225c1ec9252a"
url = "https://nodejs.org/dist/v22.23.2/node-v22.23.2-linux-x64.tar.gz"

[tools.node."platforms.macos-arm64"]
checksum = "sha256:61130f394c1630d211dd50aecc4353d379480f36d3ac913cd85dbba1aed585c6"
url = "https://nodejs.org/dist/v22.23.2/node-v22.23.2-darwin-arm64.tar.gz"

[tools.node."platforms.macos-x64"]
checksum = "sha256:58e99022c2ff89395576cc7fd4d98cea24bb68081475d5f88b801ee8729fb026"
url = "https://nodejs.org/dist/v22.23.2/node-v22.23.2-darwin-x64.tar.gz"

[tools.node."platforms.windows-x64"]
checksum = "sha256:1177b4137ba5adaa56354ae40f1080c7450e8ae09cecb47da459d1c52ac99f97"
url = "https://nodejs.org/dist/v22.23.2/node-v22.23.2-win-x64.zip"

[[tools."pipx:pre-commit"]]
version = "4.6.2"
backend = "pipx:pre-commit"

[[tools.python]]
version = "3.14.7"
backend = "core:python"

[tools.python."platforms.linux-arm64"]
checksum = "sha256:8a0798baa8a2c27b5751d590aced543eaa85e20b3f73d93c1af049688acdc9c5"
url = "https://github.com/astral-sh/python-build-standalone/releases/download/20260901/cpython-3.14.7+20260901-aarch64-unknown-linux-gnu-install_only_stripped.tar.gz"
provenance = "github-attestations"

[tools.python."platforms.linux-x64"]
checksum = "sha256:3959f92825141e04adf44982d3a83ee57af0877e893b0796e04c1468749d9b04"
url = "https://github.com/astral-sh/python-build-standalone/releases/download/20260901/cpython-3.14.7+20260901-x86_64-unknown-linux-gnu-install_only_stripped.tar.gz"
provenance = "github-attestations"

[tools.python."platforms.macos-arm64"]
checksum = "sha256:4632cb1a6edad9e73d3c81b6d2e69131637d995173e3e85005df14102b0592ba"
url = "https://github.com/astral-sh/python-build-standalone/releases/download/20260901/cpython-3.14.7+20260901-aarch64-apple-darwin-install_only_stripped.tar.gz"
provenance = "github-attestations"

[tools.python."platforms.macos-x64"]
checksum = "sha256:7e151a7c9028855b61a7d6e78381f2020a1ef185281399f3b1aafc5e1c9a1a64"
url = "https://github.com/astral-sh/python-build-standalone/releases/download/20260901/cpython-3.14.7+20260901-x86_64-apple-darwin-install_only_stripped.tar.gz"
provenance = "github-attestations"

[tools.python."platforms.windows-x64"]
checksum = "sha256:ca3c33ca924dfcab3b74205a7a58a88b0255135c53f95497b26b5e60700fd66d"
url = "https://github.com/astral-sh/python-build-standalone/releases/download/20260901/cpython-3.14.7+20260901-x86_64-pc-windows-msvc-install_only_stripped.tar.gz"
provenance = "github-attestations"
